
Microsoft Visual Studio Solution File, Format Version 12.00
# Visual Studio Version 16
VisualStudioVersion = 16.0.31019.35
MinimumVisualStudioVersion = 10.0.40219.1
Project("{FAE04EC0-301F-11D3-BF4B-00C04F79EFBC}") = "R6SPlantformSwitch", "R6SPlantformSwitch\R6SPlantformSwitch.csproj", "{B4BFE299-E174-4102-9BC0-C3224D708841}"
EndProject
Global
	GlobalSection(SolutionConfigurationPlatforms) = preSolution
		Debug|Any CPU = Debug|Any CPU
		Release|Any CPU = Release|Any CPU
	EndGlobalSection
	GlobalSection(ProjectConfigurationPlatforms) = postSolution
		{B4BFE299-E174-4102-9BC0-C3224D708841}.Debug|Any CPU.ActiveCfg = Debug|Any CPU
		{B4BFE299-E174-4102-9BC0-C3224D708841}.Debug|Any CPU.Build.0 = Debug|Any CPU
		{B4BFE299-E174-4102-9BC0-C3224D708841}.Release|Any CPU.ActiveCfg = Release|Any CPU
		{B4BFE299-E174-4102-9BC0-C3224D708841}.Release|Any CPU.Build.0 = Release|Any CPU
	EndGlobalSection
	GlobalSection(SolutionProperties) = preSolution
		HideSolutionNode = FALSE
	EndGlobalSection
	GlobalSection(ExtensibilityGlobals) = postSolution
		SolutionGuid = {14C0F457-0DC1-46A4-9378-4BDBDC89F2C1}
	EndGlobalSection
EndGlobal
